
Microsoft Visual Studio Solution File, Format Version 12.00
# Visual Studio Version 16
VisualStudioVersion = 16.0.29020.237
MinimumVisualStudioVersion = 10.0.40219.1
Project("{9A19103F-16F7-4668-BE54-9A1E7A4F7556}") = "CryptoPrice", "CryptoPrice\CryptoPrice.csproj", "{C09B8010-CD09-45D4-968A-47EEE913930D}"
EndProject
Project("{FAE04EC0-301F-11D3-BF4B-00C04F79EFBC}") = "CryptoPrice.UnitTests", "CryptoPrice.UnitTests\CryptoPrice.UnitTests.csproj", "{4AD0462B-D69E-4AF6-B0E0-D0C9F08F88FF}"
EndProject
Global
	GlobalSection(SolutionConfigurationPlatforms) = preSolution
		Debug|Any CPU = Debug|Any CPU
		Release|Any CPU = Release|Any CPU
	EndGlobalSection
	GlobalSection(ProjectConfigurationPlatforms) = postSolution
		{C09B8010-CD09-45D4-968A-47EEE913930D}.Debug|Any CPU.ActiveCfg = Debug|Any CPU
		{C09B8010-CD09-45D4-968A-47EEE913930D}.Debug|Any CPU.Build.0 = Debug|Any CPU
		{C09B8010-CD09-45D4-968A-47EEE913930D}.Release|Any CPU.ActiveCfg = Release|Any CPU
		{C09B8010-CD09-45D4-968A-47EEE913930D}.Release|Any CPU.Build.0 = Release|Any CPU
		{4AD0462B-D69E-4AF6-B0E0-D0C9F08F88FF}.Debug|Any CPU.ActiveCfg = Debug|Any CPU
		{4AD0462B-D69E-4AF6-B0E0-D0C9F08F88FF}.Debug|Any CPU.Build.0 = Debug|Any CPU
		{4AD0462B-D69E-4AF6-B0E0-D0C9F08F88FF}.Release|Any CPU.ActiveCfg = Release|Any CPU
		{4AD0462B-D69E-4AF6-B0E0-D0C9F08F88FF}.Release|Any CPU.Build.0 = Release|Any CPU
	EndGlobalSection
	GlobalSection(SolutionProperties) = preSolution
		HideSolutionNode = FALSE
	EndGlobalSection
	GlobalSection(ExtensibilityGlobals) = postSolution
		SolutionGuid = {7B1AF607-9F3C-4472-BF76-59BFA32CE563}
	EndGlobalSection
EndGlobal
